
Microsoft Visual Studio Solution File, Format Version 12.00
# Visual Studio Version 17
VisualStudioVersion = 17.8.34330.188
MinimumVisualStudioVersion = 10.0.40219.1
Project("{FAE04EC0-301F-11D3-BF4B-00C04F79EFBC}") = "labwork", "labwork.csproj", "{D0AF521B-6ABD-4B2B-9767-FC44EFECC979}"
EndProject
Global
	GlobalSection(SolutionConfigurationPlatforms) = preSolution
		Debug|Any CPU = Debug|Any CPU
		Release|Any CPU = Release|Any CPU
	EndGlobalSection
	GlobalSection(ProjectConfigurationPlatforms) = postSolution
		{D0AF521B-6ABD-4B2B-9767-FC44EFECC979}.Debug|Any CPU.ActiveCfg = Debug|Any CPU
		{D0AF521B-6ABD-4B2B-9767-FC44EFECC979}.Debug|Any CPU.Build.0 = Debug|Any CPU
		{D0AF521B-6ABD-4B2B-9767-FC44EFECC979}.Release|Any CPU.ActiveCfg = Release|Any CPU
		{D0AF521B-6ABD-4B2B-9767-FC44EFECC979}.Release|Any CPU.Build.0 = Release|Any CPU
	EndGlobalSection
	GlobalSection(SolutionProperties) = preSolution
		HideSolutionNode = FALSE
	EndGlobalSection
	GlobalSection(ExtensibilityGlobals) = postSolution
		SolutionGuid = {AEB0217F-E935-4C0D-B917-547180E8A1CE}
	EndGlobalSection
EndGlobal
